
Microsoft Visual Studio Solution File, Format Version 12.00
# Visual Studio 15
VisualStudioVersion = 15.0.27428.2037
MinimumVisualStudioVersion = 10.0.40219.1
Project("{FAE04EC0-301F-11D3-BF4B-00C04F79EFBC}") = "BMap.Core", "BMap.Core\BMap.Core.csproj", "{6903FDB6-26A4-400E-A5F3-EB83678AC0E0}"
EndProject
Project("{FAE04EC0-301F-11D3-BF4B-00C04F79EFBC}") = "BMap.WinForm", "BMap.WinForm\BMap.WinForm.csproj", "{0FFA7AB5-6C26-4F0E-AF72-624A9B433A2E}"
EndProject
Project("{FAE04EC0-301F-11D3-BF4B-00C04F79EFBC}") = "WinformTest", "WinformTest\WinformTest.csproj", "{21E6CB6C-E291-49B3-9DE5-B49551E6BBD5}"
EndProject
Global
	GlobalSection(SolutionConfigurationPlatforms) = preSolution
		Debug|Any CPU = Debug|Any CPU
		Release|Any CPU = Release|Any CPU
	EndGlobalSection
	GlobalSection(ProjectConfigurationPlatforms) = postSolution
		{6903FDB6-26A4-400E-A5F3-EB83678AC0E0}.Debug|Any CPU.ActiveCfg = Debug|Any CPU
		{6903FDB6-26A4-400E-A5F3-EB83678AC0E0}.Debug|Any CPU.Build.0 = Debug|Any CPU
		{6903FDB6-26A4-400E-A5F3-EB83678AC0E0}.Release|Any CPU.ActiveCfg = Release|Any CPU
		{6903FDB6-26A4-400E-A5F3-EB83678AC0E0}.Release|Any CPU.Build.0 = Release|Any CPU
		{0FFA7AB5-6C26-4F0E-AF72-624A9B433A2E}.Debug|Any CPU.ActiveCfg = Debug|Any CPU
		{0FFA7AB5-6C26-4F0E-AF72-624A9B433A2E}.Debug|Any CPU.Build.0 = Debug|Any CPU
		{0FFA7AB5-6C26-4F0E-AF72-624A9B433A2E}.Release|Any CPU.ActiveCfg = Release|Any CPU
		{0FFA7AB5-6C26-4F0E-AF72-624A9B433A2E}.Release|Any CPU.Build.0 = Release|Any CPU
		{21E6CB6C-E291-49B3-9DE5-B49551E6BBD5}.Debug|Any CPU.ActiveCfg = Debug|Any CPU
		{21E6CB6C-E291-49B3-9DE5-B49551E6BBD5}.Debug|Any CPU.Build.0 = Debug|Any CPU
		{21E6CB6C-E291-49B3-9DE5-B49551E6BBD5}.Release|Any CPU.ActiveCfg = Release|Any CPU
		{21E6CB6C-E291-49B3-9DE5-B49551E6BBD5}.Release|Any CPU.Build.0 = Release|Any CPU
	EndGlobalSection
	GlobalSection(SolutionProperties) = preSolution
		HideSolutionNode = FALSE
	EndGlobalSection
	GlobalSection(ExtensibilityGlobals) = postSolution
		SolutionGuid = {97622E2E-0FFB-444C-A68A-8038CC1EF15D}
	EndGlobalSection
EndGlobal
